{
  "name": "sandbox-cli",
  "version": "0.0.4",
  "lockfileVersion": 2,
  "requires": true,
  "packages": {
    "": {
      "name": "sandbox-cli",
      "version": "0.0.4",
      "license": "ISC",
      "workspaces": [
        "./packages/*"
      ]
    },
    "node_modules/@jverneaut/sandbox": {
      "resolved": "packages/sandbox",
      "link": true
    },
    "node_modules/cac": {
      "version": "6.7.12",
      "resolved": "https://registry.npmjs.org/cac/-/cac-6.7.12.tgz",
      "integrity": "sha512-rM7E2ygtMkJqD9c7WnFU6fruFcN3xe4FM5yUmgxhZzIKJk4uHl9U/fhwdajGFQbQuv43FAUo1Fe8gX/oIKDeSA==",
      "engines": {
        "node": ">=8"
      }
    },
    "packages/sandbox": {
      "name": "@jverneaut/sandbox",
      "version": "0.0.4",
      "license": "ISC",
      "dependencies": {
        "cac": "^6.7.12"
      },
      "bin": {
        "sandbox": "bin/cli.js"
      }
    }
  },
  "dependencies": {
    "@jverneaut/sandbox": {
      "version": "file:packages/sandbox",
      "requires": {
        "cac": "^6.7.12"
      }
    },
    "cac": {
      "version": "6.7.12",
      "resolved": "https://registry.npmjs.org/cac/-/cac-6.7.12.tgz",
      "integrity": "sha512-rM7E2ygtMkJqD9c7WnFU6fruFcN3xe4FM5yUmgxhZzIKJk4uHl9U/fhwdajGFQbQuv43FAUo1Fe8gX/oIKDeSA=="
    }
  }
}
